
Microsoft Visual Studio Solution File, Format Version 12.00
# Visual Studio Version 17
VisualStudioVersion = 17.9.34728.123
MinimumVisualStudioVersion = 10.0.40219.1
Project("{FAE04EC0-301F-11D3-BF4B-00C04F79EFBC}") = "TPMOD7_Kelompok_6", "TPMOD7_Kelompok_6\TPMOD7_Kelompok_6.csproj", "{118A7E12-60F6-4199-B9AC-41C9429C1F52}"
EndProject
Global
	GlobalSection(SolutionConfigurationPlatforms) = preSolution
		Debug|Any CPU = Debug|Any CPU
		Release|Any CPU = Release|Any CPU
	EndGlobalSection
	GlobalSection(ProjectConfigurationPlatforms) = postSolution
		{118A7E12-60F6-4199-B9AC-41C9429C1F52}.Debug|Any CPU.ActiveCfg = Debug|Any CPU
		{118A7E12-60F6-4199-B9AC-41C9429C1F52}.Debug|Any CPU.Build.0 = Debug|Any CPU
		{118A7E12-60F6-4199-B9AC-41C9429C1F52}.Release|Any CPU.ActiveCfg = Release|Any CPU
		{118A7E12-60F6-4199-B9AC-41C9429C1F52}.Release|Any CPU.Build.0 = Release|Any CPU
	EndGlobalSection
	GlobalSection(SolutionProperties) = preSolution
		HideSolutionNode = FALSE
	EndGlobalSection
	GlobalSection(ExtensibilityGlobals) = postSolution
		SolutionGuid = {E3ECC8BF-E979-4637-86A8-946136E1A491}
	EndGlobalSection
EndGlobal
